
Microsoft Visual Studio Solution File, Format Version 12.00
# Visual Studio 14
VisualStudioVersion = 14.0.25420.1
MinimumVisualStudioVersion = 10.0.40219.1
Project("{FAE04EC0-301F-11D3-BF4B-00C04F79EFBC}") = "ConsoleApp", "ConsoleApp\ConsoleApp.csproj", "{522304B7-F0FD-4190-B8EC-598AD722183E}"
EndProject
Project("{FAE04EC0-301F-11D3-BF4B-00C04F79EFBC}") = "ConsoleAppUnitTest", "ConsoleAppUnitTest\ConsoleAppUnitTest.csproj", "{09195B5F-3510-4269-89E7-1F927C0E5780}"
EndProject
Project("{FAE04EC0-301F-11D3-BF4B-00C04F79EFBC}") = "WebApp", "WebApp\WebApp.csproj", "{DD44AC7C-5709-4463-9D50-F69E125D4F29}"
EndProject
Project("{FAE04EC0-301F-11D3-BF4B-00C04F79EFBC}") = "WebAppUnitTest", "WebAppUnitTest\WebAppUnitTest.csproj", "{6BC431B2-0E3B-4393-8593-207B095652E2}"
EndProject
Global
	GlobalSection(SolutionConfigurationPlatforms) = preSolution
		Debug|Any CPU = Debug|Any CPU
		Release|Any CPU = Release|Any CPU
	EndGlobalSection
	GlobalSection(ProjectConfigurationPlatforms) = postSolution
		{522304B7-F0FD-4190-B8EC-598AD722183E}.Debug|Any CPU.ActiveCfg = Debug|Any CPU
		{522304B7-F0FD-4190-B8EC-598AD722183E}.Debug|Any CPU.Build.0 = Debug|Any CPU
		{522304B7-F0FD-4190-B8EC-598AD722183E}.Release|Any CPU.ActiveCfg = Release|Any CPU
		{522304B7-F0FD-4190-B8EC-598AD722183E}.Release|Any CPU.Build.0 = Release|Any CPU
		{09195B5F-3510-4269-89E7-1F927C0E5780}.Debug|Any CPU.ActiveCfg = Debug|Any CPU
		{09195B5F-3510-4269-89E7-1F927C0E5780}.Debug|Any CPU.Build.0 = Debug|Any CPU
		{09195B5F-3510-4269-89E7-1F927C0E5780}.Release|Any CPU.ActiveCfg = Release|Any CPU
		{09195B5F-3510-4269-89E7-1F927C0E5780}.Release|Any CPU.Build.0 = Release|Any CPU
		{DD44AC7C-5709-4463-9D50-F69E125D4F29}.Debug|Any CPU.ActiveCfg = Debug|Any CPU
		{DD44AC7C-5709-4463-9D50-F69E125D4F29}.Debug|Any CPU.Build.0 = Debug|Any CPU
		{DD44AC7C-5709-4463-9D50-F69E125D4F29}.Release|Any CPU.ActiveCfg = Release|Any CPU
		{DD44AC7C-5709-4463-9D50-F69E125D4F29}.Release|Any CPU.Build.0 = Release|Any CPU
		{6BC431B2-0E3B-4393-8593-207B095652E2}.Debug|Any CPU.ActiveCfg = Debug|Any CPU
		{6BC431B2-0E3B-4393-8593-207B095652E2}.Debug|Any CPU.Build.0 = Debug|Any CPU
		{6BC431B2-0E3B-4393-8593-207B095652E2}.Release|Any CPU.ActiveCfg = Release|Any CPU
		{6BC431B2-0E3B-4393-8593-207B095652E2}.Release|Any CPU.Build.0 = Release|Any CPU
	EndGlobalSection
	GlobalSection(SolutionProperties) = preSolution
		HideSolutionNode = FALSE
	EndGlobalSection
EndGlobal
